
Microsoft Visual Studio Solution File, Format Version 12.00
# Visual Studio Version 16
VisualStudioVersion = 16.0.31702.278
MinimumVisualStudioVersion = 10.0.40219.1
Project("{FAE04EC0-301F-11D3-BF4B-00C04F79EFBC}") = "ResCliCore", "ResCliCore\ResCliCore.csproj", "{D752701F-1E62-46CE-B05B-9BB43888E3ED}"
EndProject
Global
	GlobalSection(SolutionConfigurationPlatforms) = preSolution
		Debug|Any CPU = Debug|Any CPU
		Release|Any CPU = Release|Any CPU
	EndGlobalSection
	GlobalSection(ProjectConfigurationPlatforms) = postSolution
		{D752701F-1E62-46CE-B05B-9BB43888E3ED}.Debug|Any CPU.ActiveCfg = Debug|Any CPU
		{D752701F-1E62-46CE-B05B-9BB43888E3ED}.Debug|Any CPU.Build.0 = Debug|Any CPU
		{D752701F-1E62-46CE-B05B-9BB43888E3ED}.Release|Any CPU.ActiveCfg = Release|Any CPU
		{D752701F-1E62-46CE-B05B-9BB43888E3ED}.Release|Any CPU.Build.0 = Release|Any CPU
	EndGlobalSection
	GlobalSection(SolutionProperties) = preSolution
		HideSolutionNode = FALSE
	EndGlobalSection
	GlobalSection(ExtensibilityGlobals) = postSolution
		SolutionGuid = {AC04ABF6-9A12-4F66-9974-BA521242A68B}
	EndGlobalSection
EndGlobal
